# THIS IS AN AUTOGENERATED FILE. DO NOT EDIT THIS FILE DIRECTLY.
# yarn lockfile v1


"@aws-crypto/ie11-detection@^1.0.0":
  version "1.0.0"
  resolved "https://registry.yarnpkg.com/@aws-crypto/ie11-detection/-/ie11-detection-1.0.0.tgz#d3a6af29ba7f15458f79c41d1cd8cac3925e726a"
  integrity sha512-kCKVhCF1oDxFYgQrxXmIrS5oaWulkvRcPz+QBDMsUr2crbF4VGgGT6+uQhSwJFdUAQ2A//Vq+uT83eJrkzFgXA==
  dependencies:
    tslib "^1.11.1"

"@aws-crypto/sha256-browser@^1.0.0":
  version "1.1.0"
  resolved "https://registry.yarnpkg.com/@aws-crypto/sha256-browser/-/sha256-browser-1.1.0.tgz#20092cc6c08d8f04db0ed57b6f05cff150384f77"
  integrity sha512-VIpuLRDonMAHgomrsm/zKbeXTnxpr4aHDQmS4pF+NcpvBp64l675yjGA9hyUYs/QJwBjUl8WqMjh9tIRgi85Sg==
  dependencies:
    "@aws-crypto/ie11-detection" "^1.0.0"
    "@aws-crypto/sha256-js" "^1.1.0"
    "@aws-crypto/supports-web-crypto" "^1.0.0"
    "@aws-sdk/types" "^3.1.0"
    "@aws-sdk/util-locate-window" "^3.0.0"
    "@aws-sdk/util-utf8-browser" "^3.0.0"
    tslib "^1.11.1"

"@aws-crypto/sha256-js@^1.0.0", "@aws-crypto/sha256-js@^1.1.0":
  version "1.1.0"
  resolved "https://registry.yarnpkg.com/@aws-crypto/sha256-js/-/sha256-js-1.1.0.tgz#a58386ad18186e392e0f1d98d18831261d27b071"
  integrity sha512-VIhuqbPgXDVr8sZe2yhgQcDRRmzf4CI8fmC1A3bHiRfE6wlz1d8KpeemqbuoEHotz/Dch9yOxlshyQDNjNFeHA==
  dependencies:
    "@aws-sdk/types" "^3.1.0"
    "@aws-sdk/util-utf8-browser" "^3.0.0"
    tslib "^1.11.1"

"@aws-crypto/supports-web-crypto@^1.0.0":
  version "1.0.0"
  resolved "https://registry.yarnpkg.com/@aws-crypto/supports-web-crypto/-/supports-web-crypto-1.0.0.tgz#c40901bc17ac1e875e248df16a2b47ad8bfd9a93"
  integrity sha512-IHLfv+WmVH89EW4n6a5eE8/hUlz6qkWGMn/v4r5ZgzcXdTC5nolii2z3k46y01hWRiC2PPhOdeSLzMUCUMco7g==
  dependencies:
    tslib "^1.11.1"

"@aws-sdk/abort-controller@3.12.0":
  version "3.12.0"
  resolved "https://registry.yarnpkg.com/@aws-sdk/abort-controller/-/abort-controller-3.12.0.tgz#6802418e6932bc3b83c16922c38e3737bcd8168a"
  integrity sha512-oJcxAgtXWueed9j9UF59ytc/5zbq+pMEN85bJGUI8a0abZe/4Li54CsU2AQph1oijyHk9FQ3VtBkjripXBEaag==
  dependencies:
    "@aws-sdk/types" "3.12.0"
    tslib "^1.8.0"

"@aws-sdk/client-dynamodb@^3.13.0":
  version "3.13.0"
  resolved "https://registry.yarnpkg.com/@aws-sdk/client-dynamodb/-/client-dynamodb-3.13.0.tgz#8bf568a61a42c5898dc83f1891671a4a976c16cd"
  integrity sha512-HG7PyOwRI1rveFcM91mv5hD3t2H1Fee0aOE6IkdTxJJI9Qf1hb3i0Xr4TFEV8w0DQoWekIlz1NcYEHDQpKZtBQ==
  dependencies:
    "@aws-crypto/sha256-browser" "^1.0.0"
    "@aws-crypto/sha256-js" "^1.0.0"
    "@aws-sdk/client-sts" "3.13.0"
    "@aws-sdk/config-resolver" "3.12.0"
    "@aws-sdk/credential-provider-node" "3.13.0"
    "@aws-sdk/fetch-http-handler" "3.12.0"
    "@aws-sdk/hash-node" "3.12.0"
    "@aws-sdk/invalid-dependency" "3.12.0"
    "@aws-sdk/middleware-content-length" "3.12.0"
    "@aws-sdk/middleware-host-header" "3.12.0"
    "@aws-sdk/middleware-logger" "3.12.0"
    "@aws-sdk/middleware-retry" "3.12.0"
    "@aws-sdk/middleware-serde" "3.12.0"
    "@aws-sdk/middleware-signing" "3.12.0"
    "@aws-sdk/middleware-stack" "3.12.0"
    "@aws-sdk/middleware-user-agent" "3.12.0"
    "@aws-sdk/node-config-provider" "3.12.0"
    "@aws-sdk/node-http-handler" "3.12.0"
    "@aws-sdk/protocol-http" "3.12.0"
    "@aws-sdk/smithy-client" "3.12.0"
    "@aws-sdk/types" "3.12.0"
    "@aws-sdk/url-parser" "3.12.0"
    "@aws-sdk/util-base64-browser" "3.12.0"
    "@aws-sdk/util-base64-node" "3.12.0"
    "@aws-sdk/util-body-length-browser" "3.12.0"
    "@aws-sdk/util-body-length-node" "3.12.0"
    "@aws-sdk/util-user-agent-browser" "3.12.0"
    "@aws-sdk/util-user-agent-node" "3.12.0"
    "@aws-sdk/util-utf8-browser" "3.12.0"
    "@aws-sdk/util-utf8-node" "3.12.0"
    "@aws-sdk/util-waiter" "3.12.0"
    tslib "^2.0.0"
    uuid "^8.3.2"

"@aws-sdk/client-sso@3.13.0":
  version "3.13.0"
  resolved "https://registry.yarnpkg.com/@aws-sdk/client-sso/-/client-sso-3.13.0.tgz#62c6b9e0af345d7d8888eeba4d8aac30051cf881"
  integrity sha512-ynnicyGeDDc9VK1sCYWUcl8M7BA6f0mMCxsEfDXLtc/5QNUJR2t6UlGpjoYyuEIhkEgDNHYUaeqybkSite/HHg==
  dependencies:
    "@aws-crypto/sha256-browser" "^1.0.0"
    "@aws-crypto/sha256-js" "^1.0.0"
    "@aws-sdk/config-resolver" "3.12.0"
    "@aws-sdk/fetch-http-handler" "3.12.0"
    "@aws-sdk/hash-node" "3.12.0"
    "@aws-sdk/invalid-dependency" "3.12.0"
    "@aws-sdk/middleware-content-length" "3.12.0"
    "@aws-sdk/middleware-host-header" "3.12.0"
    "@aws-sdk/middleware-logger" "3.12.0"
    "@aws-sdk/middleware-retry" "3.12.0"
    "@aws-sdk/middleware-serde" "3.12.0"
    "@aws-sdk/middleware-stack" "3.12.0"
    "@aws-sdk/middleware-user-agent" "3.12.0"
    "@aws-sdk/node-config-provider" "3.12.0"
    "@aws-sdk/node-http-handler" "3.12.0"
    "@aws-sdk/protocol-http" "3.12.0"
    "@aws-sdk/smithy-client" "3.12.0"
    "@aws-sdk/types" "3.12.0"
    "@aws-sdk/url-parser" "3.12.0"
    "@aws-sdk/util-base64-browser" "3.12.0"
    "@aws-sdk/util-base64-node" "3.12.0"
    "@aws-sdk/util-body-length-browser" "3.12.0"
    "@aws-sdk/util-body-length-node" "3.12.0"
    "@aws-sdk/util-user-agent-browser" "3.12.0"
    "@aws-sdk/util-user-agent-node" "3.12.0"
    "@aws-sdk/util-utf8-browser" "3.12.0"
    "@aws-sdk/util-utf8-node" "3.12.0"
    tslib "^2.0.0"

"@aws-sdk/client-sts@3.13.0":
  version "3.13.0"
  resolved "https://registry.yarnpkg.com/@aws-sdk/client-sts/-/client-sts-3.13.0.tgz#8b91cf08138682bb58d68b5453326025ec638271"
  integrity sha512-g/LiS6SlUvN12JbR9Adfj3JIsGfkP0VizGiyM/a/RwJwuCVnidfJYzxhvO6zONUTH2BDxTcAc1VaMDjK3F42Qw==
  dependencies:
    "@aws-crypto/sha256-browser" "^1.0.0"
    "@aws-crypto/sha256-js" "^1.0.0"
    "@aws-sdk/config-resolver" "3.12.0"
    "@aws-sdk/credential-provider-node" "3.13.0"
    "@aws-sdk/fetch-http-handler" "3.12.0"
    "@aws-sdk/hash-node" "3.12.0"
    "@aws-sdk/invalid-dependency" "3.12.0"
    "@aws-sdk/middleware-content-length" "3.12.0"
    "@aws-sdk/middleware-host-header" "3.12.0"
    "@aws-sdk/middleware-logger" "3.12.0"
    "@aws-sdk/middleware-retry" "3.12.0"
    "@aws-sdk/middleware-sdk-sts" "3.12.0"
    "@aws-sdk/middleware-serde" "3.12.0"
    "@aws-sdk/middleware-signing" "3.12.0"
    "@aws-sdk/middleware-stack" "3.12.0"
    "@aws-sdk/middleware-user-agent" "3.12.0"
    "@aws-sdk/node-config-provider" "3.12.0"
    "@aws-sdk/node-http-handler" "3.12.0"
    "@aws-sdk/protocol-http" "3.12.0"
    "@aws-sdk/smithy-client" "3.12.0"
    "@aws-sdk/types" "3.12.0"
    "@aws-sdk/url-parser" "3.12.0"
    "@aws-sdk/util-base64-browser" "3.12.0"
    "@aws-sdk/util-base64-node" "3.12.0"
    "@aws-sdk/util-body-length-browser" "3.12.0"
    "@aws-sdk/util-body-length-node" "3.12.0"
    "@aws-sdk/util-user-agent-browser" "3.12.0"
    "@aws-sdk/util-user-agent-node" "3.12.0"
    "@aws-sdk/util-utf8-browser" "3.12.0"
    "@aws-sdk/util-utf8-node" "3.12.0"
    fast-xml-parser "3.19.0"
    tslib "^2.0.0"

"@aws-sdk/config-resolver@3.12.0":
  version "3.12.0"
  resolved "https://registry.yarnpkg.com/@aws-sdk/config-resolver/-/config-resolver-3.12.0.tgz#06d5227c2a0f55cac884fa975799f8f6725d95e0"
  integrity sha512-xx4LcuJqgrT3fZ1FY45nIDCTzAh/pWfLM4Bh5rb1V8mT/ROAuSdG+NHYOVSOUOt7RN6X+cbvhZmztya3LxqL8g==
  dependencies:
    "@aws-sdk/signature-v4" "3.12.0"
    "@aws-sdk/types" "3.12.0"
    tslib "^1.8.0"

"@aws-sdk/credential-provider-env@3.12.0":
  version "3.12.0"
  resolved "https://registry.yarnpkg.com/@aws-sdk/credential-provider-env/-/credential-provider-env-3.12.0.tgz#67b2cf14bbc3117afe6201051c36810878734a93"
  integrity sha512-l3cLUWHByAWsZsPPSRYbhZgZefDWjm5wuI6phu6AbTUiSOuFm+Q0zqGZ2nzJa7dyV9mkiGrSoVGKzeR2U4IaVQ==
  dependencies:
    "@aws-sdk/property-provider" "3.12.0"
    "@aws-sdk/types" "3.12.0"
    tslib "^1.8.0"

"@aws-sdk/credential-provider-imds@3.12.0":
  version "3.12.0"
  resolved "https://registry.yarnpkg.com/@aws-sdk/credential-provider-imds/-/credential-provider-imds-3.12.0.tgz#e61afc8f16156b6c2f649893894c8232b39253cf"
  integrity sha512-utJgvef4SgXwlSqT3ThOzpnmpFVSNP4SSUzD1Cz/WXhB7nR+8Vg+qcca30Ga/Ovfc1FGL2gjeC4pVhgjU9B++Q==
  dependencies:
    "@aws-sdk/property-provider" "3.12.0"
    "@aws-sdk/types" "3.12.0"
    tslib "^1.8.0"

"@aws-sdk/credential-provider-ini@3.13.0":
  version "3.13.0"
  resolved "https://registry.yarnpkg.com/@aws-sdk/credential-provider-ini/-/credential-provider-ini-3.13.0.tgz#e3fb9c488eacb934896ce90ee8d77c1fa2e72a12"
  integrity sha512-ZW8CbfKYaNng7/W1nXTqJ7nRibs7CaSPX2EZs9t43VfF7OzUjrZMzZlHk7yoqYOLONoDZKesbcUBm0V0RhhUFg==
  dependencies:
    "@aws-sdk/credential-provider-env" "3.12.0"
    "@aws-sdk/credential-provider-imds" "3.12.0"
    "@aws-sdk/credential-provider-web-identity" "3.12.0"
    "@aws-sdk/property-provider" "3.12.0"
    "@aws-sdk/shared-ini-file-loader" "3.12.0"
    "@aws-sdk/types" "3.12.0"
    tslib "^1.8.0"

"@aws-sdk/credential-provider-node@3.13.0":
  version "3.13.0"
  resolved "https://registry.yarnpkg.com/@aws-sdk/credential-provider-node/-/credential-provider-node-3.13.0.tgz#d37bd332db8426cf77af4c844f9fed7dff77ba74"
  integrity sha512-HxO2pzTqAoZpNE+ugi3+3xwDvYQHWKptUs/5OfpVI6Rkwl4dD/MLii+uh4GLxE2jJ/F9aTTp0q0oltSt83p0xA==
  dependencies:
    "@aws-sdk/credential-provider-env" "3.12.0"
    "@aws-sdk/credential-provider-imds" "3.12.0"
    "@aws-sdk/credential-provider-ini" "3.13.0"
    "@aws-sdk/credential-provider-process" "3.13.0"
    "@aws-sdk/credential-provider-sso" "3.13.0"
    "@aws-sdk/property-provider" "3.12.0"
    "@aws-sdk/shared-ini-file-loader" "3.12.0"
    "@aws-sdk/types" "3.12.0"
    tslib "^1.8.0"

"@aws-sdk/credential-provider-process@3.13.0":
  version "3.13.0"
  resolved "https://registry.yarnpkg.com/@aws-sdk/credential-provider-process/-/credential-provider-process-3.13.0.tgz#5f6827f858d278cadb97b7eea3450d81f031a6ea"
  integrity sha512-ynTiyWZOM+5lYIQU2wpiz1C7o7FnrWaY4BKOy7YRVWMvFdga63k6G7VOjqHTtt3PpbQ0XKhyd1GZVBf9T3eDGw==
  dependencies:
    "@aws-sdk/credential-provider-ini" "3.13.0"
    "@aws-sdk/property-provider" "3.12.0"
    "@aws-sdk/shared-ini-file-loader" "3.12.0"
    "@aws-sdk/types" "3.12.0"
    tslib "^1.8.0"

"@aws-sdk/credential-provider-sso@3.13.0":
  version "3.13.0"
  resolved "https://registry.yarnpkg.com/@aws-sdk/credential-provider-sso/-/credential-provider-sso-3.13.0.tgz#0da40cafa1bc156432e31eff889d70129448b918"
  integrity sha512-Kw6EIuYPsrXNeS2Bkyljl2+krc4U5DbTkXGcMjbhuFB5x9APboYF2vZRnzCE4b/1kmNe+jsVvdzszWVBuiEtCQ==
  dependencies:
    "@aws-sdk/client-sso" "3.13.0"
    "@aws-sdk/credential-provider-ini" "3.13.0"
    "@aws-sdk/property-provider" "3.12.0"
    "@aws-sdk/shared-ini-file-loader" "3.12.0"
    "@aws-sdk/types" "3.12.0"
    tslib "^1.8.0"

"@aws-sdk/credential-provider-web-identity@3.12.0":
  version "3.12.0"
  resolved "https://registry.yarnpkg.com/@aws-sdk/credential-provider-web-identity/-/credential-provider-web-identity-3.12.0.tgz#340349f4fc9851b77b59c331f185f8c1e19ec83d"
  integrity sha512-7K1d8BwtS471pGjOKjm4YFMhQ0uxbWVMkJ/GhesFl717+1HdjBRjgK92Dx8G2URJZIsm+1bydhk98ccQ5ORkIg==
  dependencies:
    "@aws-sdk/property-provider" "3.12.0"
    "@aws-sdk/types" "3.12.0"
    tslib "^1.8.0"

"@aws-sdk/fetch-http-handler@3.12.0":
  version "3.12.0"
  resolved "https://registry.yarnpkg.com/@aws-sdk/fetch-http-handler/-/fetch-http-handler-3.12.0.tgz#018934da64f6052d6bce7e5a2f74dcf5de80936d"
  integrity sha512-M1D9LKWOF7afveBQnlNUq6eiJWaC++NdgaHBEh//+j0PzRh5HfCUhPoUB23e99Q4hEr/U5DbTWXis+k12FZD4w==
  dependencies:
    "@aws-sdk/protocol-http" "3.12.0"
    "@aws-sdk/querystring-builder" "3.12.0"
    "@aws-sdk/types" "3.12.0"
    "@aws-sdk/util-base64-browser" "3.12.0"
    tslib "^1.8.0"

"@aws-sdk/hash-node@3.12.0":
  version "3.12.0"
  resolved "https://registry.yarnpkg.com/@aws-sdk/hash-node/-/hash-node-3.12.0.tgz#417784690c73b77669a024b015c6dd7ea7684616"
  integrity sha512-EctFJ+85R4fvW9185YY7L5T8L4xFhqJMG32bEUXl1YqGzAPYoT5VW7RU5tqvsDxp8nmfpAA8WOpLMPDldLb1nQ==
  dependencies:
    "@aws-sdk/types" "3.12.0"
    "@aws-sdk/util-buffer-from" "3.12.0"
    tslib "^1.8.0"

"@aws-sdk/invalid-dependency@3.12.0":
  version "3.12.0"
  resolved "https://registry.yarnpkg.com/@aws-sdk/invalid-dependency/-/invalid-dependency-3.12.0.tgz#39c728ab8b54d602026505a02d9f9b4745f8cc18"
  integrity sha512-t+azwApyCKL/aivWDjda9EF232kGTumgc1Sv/VOGN5RjNcCsyJ3Wno/9I3ejDVmyObuNsrV2YrMLaYhMCbEZnw==
  dependencies:
    "@aws-sdk/types" "3.12.0"
    tslib "^1.8.0"

"@aws-sdk/is-array-buffer@3.12.0":
  version "3.12.0"
  resolved "https://registry.yarnpkg.com/@aws-sdk/is-array-buffer/-/is-array-buffer-3.12.0.tgz#f859bc723590d20e4813bd12fcd5a14b846a7e99"
  integrity sha512-JtrxC2ZinhiL2GIfMoPYkmd7A5ykpYw4Bf4/uMHJ9d3NcFpsT84ipw4eZhclR+mSR9RUYSP0ObgcDLdjW3xm1w==
  dependencies:
    tslib "^1.8.0"

"@aws-sdk/middleware-content-length@3.12.0":
  version "3.12.0"
  resolved "https://registry.yarnpkg.com/@aws-sdk/middleware-content-length/-/middleware-content-length-3.12.0.tgz#6b90203de1b2aa789beba6718d7becf9aac310c5"
  integrity sha512-1F4DnVcelaGwapAFsKjEOhuUE5c+RENOKnYPUHjtrpxv2Db1D4thEx83lwaZqHPWk7JJKGI+2ITuNfspzsMnoQ==
  dependencies:
    "@aws-sdk/protocol-http" "3.12.0"
    "@aws-sdk/types" "3.12.0"
    tslib "^1.8.0"

"@aws-sdk/middleware-host-header@3.12.0":
  version "3.12.0"
  resolved "https://registry.yarnpkg.com/@aws-sdk/middleware-host-header/-/middleware-host-header-3.12.0.tgz#c40ea541ee80e1a08f07157c0dab65abbb052a32"
  integrity sha512-+nnfGWXCWykf0UIYrcXtPa2FB2XMvUlodcH/a95bIC+BXUtGAvloA/05qUnHoK6EPlb4nMPbr+LsRgvQ9ypNHA==
  dependencies:
    "@aws-sdk/protocol-http" "3.12.0"
    "@aws-sdk/types" "3.12.0"
    tslib "^1.8.0"

"@aws-sdk/middleware-logger@3.12.0":
  version "3.12.0"
  resolved "https://registry.yarnpkg.com/@aws-sdk/middleware-logger/-/middleware-logger-3.12.0.tgz#c0ebd7f115c02292fe80eeed84a8ab86ce2f6834"
  integrity sha512-la01iTILBoEMk0dJNj619ei+VHQgELbKWxinZDYKgWwzQ2JiZdMal1Pu+ZHIQ3MsXgtw0LNwawvnm5Jm1NNmKA==
  dependencies:
    "@aws-sdk/types" "3.12.0"
    tslib "^1.8.0"

"@aws-sdk/middleware-retry@3.12.0":
  version "3.12.0"
  resolved "https://registry.yarnpkg.com/@aws-sdk/middleware-retry/-/middleware-retry-3.12.0.tgz#00c627e79fa361605651909704969120587b4537"
  integrity sha512-/VjyCsT6SqlGJqjJ5mH6kuptEUMWVTPUz32tsKTzCQksiRp6hI4DbHOwyUXQUydLwJTCRo+xa7WhM9cMkalfiQ==
  dependencies:
    "@aws-sdk/protocol-http" "3.12.0"
    "@aws-sdk/service-error-classification" "3.12.0"
    "@aws-sdk/types" "3.12.0"
    tslib "^1.8.0"
    uuid "^8.3.2"

"@aws-sdk/middleware-sdk-sts@3.12.0":
  version "3.12.0"
  resolved "https://registry.yarnpkg.com/@aws-sdk/middleware-sdk-sts/-/middleware-sdk-sts-3.12.0.tgz#a3639538363e43f9c509be24ddfd6f94acca5efb"
  integrity sha512-d4mHQVUq42/5/RFwwANeGi5Ofpc/NP9iDAD5P6DSEH3YBEQgztJArjaDo0ahJMpyk/SUdqtzK/gRxVBDVpZ5Eg==
  dependencies:
    "@aws-sdk/middleware-signing" "3.12.0"
    "@aws-sdk/property-provider" "3.12.0"
    "@aws-sdk/protocol-http" "3.12.0"
    "@aws-sdk/signature-v4" "3.12.0"
    "@aws-sdk/types" "3.12.0"
    tslib "^1.8.0"

"@aws-sdk/middleware-serde@3.12.0":
  version "3.12.0"
  resolved "https://registry.yarnpkg.com/@aws-sdk/middleware-serde/-/middleware-serde-3.12.0.tgz#b660f23ae5e20a57cfa5d2bd7fb883f7e63ddc99"
  integrity sha512-3L3ILlHJf19t9hOZsfZE/Li7ioNea5en6++84Xf2ijoO7A0N5yprlhQyNncAeXA62786PNaixN+K2JHBox8aUw==
  dependencies:
    "@aws-sdk/types" "3.12.0"
    tslib "^1.8.0"

"@aws-sdk/middleware-signing@3.12.0":
  version "3.12.0"
  resolved "https://registry.yarnpkg.com/@aws-sdk/middleware-signing/-/middleware-signing-3.12.0.tgz#7c36ea1127881f15f9feaf28af8ceeebfe127db1"
  integrity sha512-sitSY9qMqqe70fN0Uh01KIoK+XLFH5WzbKtS84VJl+qMFwomFsDLm5xHTWEAP7nGyKb+bpJQWoQWV4ATg7VcDg==
  dependencies:
    "@aws-sdk/property-provider" "3.12.0"
    "@aws-sdk/protocol-http" "3.12.0"
    "@aws-sdk/signature-v4" "3.12.0"
    "@aws-sdk/types" "3.12.0"
    tslib "^1.8.0"

"@aws-sdk/middleware-stack@3.12.0":
  version "3.12.0"
  resolved "https://registry.yarnpkg.com/@aws-sdk/middleware-stack/-/middleware-stack-3.12.0.tgz#b1b0131ae9667fc495f5d03cc0c682e67251219e"
  integrity sha512-X4TmWGLzY8ma99HQ+9vL4PoykfPtxdZ7QK/ZZ51I+i2vCKLz8tlml6y5rVR31TavJrg8qeAp+mQwttniSjmxYQ==
  dependencies:
    tslib "^1.8.0"

"@aws-sdk/middleware-user-agent@3.12.0":
  version "3.12.0"
  resolved "https://registry.yarnpkg.com/@aws-sdk/middleware-user-agent/-/middleware-user-agent-3.12.0.tgz#45977ab47b1a926b1d8a9f95b2240d6ecdba2f36"
  integrity sha512-t3NTU/vqs+BFL2tupdjEZDjDM5HWTELIRMxUHTFlgUT3BwKDvbaNufNDOQtnnv70tZNSrylof3GFy83kKEN3ew==
  dependencies:
    "@aws-sdk/protocol-http" "3.12.0"
    "@aws-sdk/types" "3.12.0"
    tslib "^1.8.0"

"@aws-sdk/node-config-provider@3.12.0":
  version "3.12.0"
  resolved "https://registry.yarnpkg.com/@aws-sdk/node-config-provider/-/node-config-provider-3.12.0.tgz#ae18c22ddf5a89fefa420ee5612042f79dfbb95b"
  integrity sha512-eJAjQ5PN+cwd0AC4QOUjOjrmCAASkCmovDsNndjWmFjNumJkcUvTezAjOC6TLiEop9M1cT0zkhPBEDGjzDnjZQ==
  dependencies:
    "@aws-sdk/property-provider" "3.12.0"
    "@aws-sdk/shared-ini-file-loader" "3.12.0"
    "@aws-sdk/types" "3.12.0"
    tslib "^1.8.0"

"@aws-sdk/node-http-handler@3.12.0":
  version "3.12.0"
  resolved "https://registry.yarnpkg.com/@aws-sdk/node-http-handler/-/node-http-handler-3.12.0.tgz#5c1e75e5b1b7e189896ff882b5a842a1fc5b3fcf"
  integrity sha512-BZF7ptWdGaOn0MJJWLfr4/44RDoG3hG3IZ8f/EsxqFMWqumblqCn2uOtUc0WK01BAj07+QEYqB96UO5cDyFiEA==
  dependencies:
    "@aws-sdk/abort-controller" "3.12.0"
    "@aws-sdk/protocol-http" "3.12.0"
    "@aws-sdk/querystring-builder" "3.12.0"
    "@aws-sdk/types" "3.12.0"
    tslib "^1.8.0"

"@aws-sdk/property-provider@3.12.0":
  version "3.12.0"
  resolved "https://registry.yarnpkg.com/@aws-sdk/property-provider/-/property-provider-3.12.0.tgz#b8db341d5ffbf2c6c1a455d92fd05e8c84cd97fa"
  integrity sha512-4x9S0mtpehp++g+KWx12ZnYa396qCxJXB/n/njppXlWjUz7am527IN24YVTpFoP2CpNo4uZb9Xi8fW6veZSTJg==
  dependencies:
    "@aws-sdk/types" "3.12.0"
    tslib "^1.8.0"

"@aws-sdk/protocol-http@3.12.0":
  version "3.12.0"
  resolved "https://registry.yarnpkg.com/@aws-sdk/protocol-http/-/protocol-http-3.12.0.tgz#b9da94f18af600463f7e4d4a2f2fc1158c9c3df5"
  integrity sha512-I5l2/5Ntifoq9Nr+/fpWwQRRSUrPYah9/1Km4Dxqj9/NrANSBaPVYJBSyWynYtPgLcQ3fF+mxLx4H2kVXEA5pA==
  dependencies:
    "@aws-sdk/types" "3.12.0"
    tslib "^1.8.0"

"@aws-sdk/querystring-builder@3.12.0":
  version "3.12.0"
  resolved "https://registry.yarnpkg.com/@aws-sdk/querystring-builder/-/querystring-builder-3.12.0.tgz#9e3f26cc6b3527e71086f8ecb905cda0d6fe28a9"
  integrity sha512-DucCtVWyl+ZPu/tqmKJwPxfnYaY0rIWG00hqKgxL8u0ckrhV6nJoWOoKgXmarBIujK9l0FysTzhNN/rLGymyiA==
  dependencies:
    "@aws-sdk/types" "3.12.0"
    "@aws-sdk/util-uri-escape" "3.12.0"
    tslib "^1.8.0"

"@aws-sdk/querystring-parser@3.12.0":
  version "3.12.0"
  resolved "https://registry.yarnpkg.com/@aws-sdk/querystring-parser/-/querystring-parser-3.12.0.tgz#dbb0712e8f018f0cf1a7fc2307d9056f3836d880"
  integrity sha512-98n2q3npGxgf/P8t6y3kl4UZXxxr4da/DloEsiIBh4jbMgwBAH+5gopfVOdMpWF5hL+VSjGqvUY6aPQQUzoMAg==
  dependencies:
    "@aws-sdk/types" "3.12.0"
    tslib "^1.8.0"

"@aws-sdk/service-error-classification@3.12.0":
  version "3.12.0"
  resolved "https://registry.yarnpkg.com/@aws-sdk/service-error-classification/-/service-error-classification-3.12.0.tgz#d5b52fa5505015aad21a1783410c86b2213ec409"
  integrity sha512-71EJR1ip/P2z5YPu7di0PwyU/zYB65lmYWfn9C3XjkXe6uEe6kSmAfCQlcn7yHL7MjJA+rYMuLamDOXLmdt38Q==

"@aws-sdk/shared-ini-file-loader@3.12.0":
  version "3.12.0"
  resolved "https://registry.yarnpkg.com/@aws-sdk/shared-ini-file-loader/-/shared-ini-file-loader-3.12.0.tgz#03c1e47c6e1444180ae013152c7003e3e985b7fa"
  integrity sha512-vmd0gIZ0bc5hgyEDYufKfMsDKIPHV1ZXc8UzICV3BAsVf1eXhY8j+19OcxqlB+jWtLnnd2L28XslfRCYK9gduw==
  dependencies:
    tslib "^1.8.0"

"@aws-sdk/signature-v4@3.12.0":
  version "3.12.0"
  resolved "https://registry.yarnpkg.com/@aws-sdk/signature-v4/-/signature-v4-3.12.0.tgz#ace4b75b020f78a98d314a6cd3e917b8eb3c8bd0"
  integrity sha512-11ZwHj8GjzsQNmebAaxhFcqSOgK6+5fUcrUDRu+R9HMvdKIuiLpawqCZELupbg4uqhka953rAldjbHjYhUaLuw==
  dependencies:
    "@aws-sdk/is-array-buffer" "3.12.0"
    "@aws-sdk/types" "3.12.0"
    "@aws-sdk/util-hex-encoding" "3.12.0"
    "@aws-sdk/util-uri-escape" "3.12.0"
    tslib "^1.8.0"

"@aws-sdk/smithy-client@3.12.0":
  version "3.12.0"
  resolved "https://registry.yarnpkg.com/@aws-sdk/smithy-client/-/smithy-client-3.12.0.tgz#2f90c9630f7ce8ac351e1e0170f3407d664c8f74"
  integrity sha512-bAPUYEP7UeuECSRVpo3Il09uWO2tE931zQm2ZL446Vv0GJtayYWtX4ZwB7V5ADHtTeCsRtjOcUmnNXJ5M0hGSQ==
  dependencies:
    "@aws-sdk/middleware-stack" "3.12.0"
    "@aws-sdk/types" "3.12.0"
    tslib "^1.8.0"

"@aws-sdk/types@3.12.0", "@aws-sdk/types@^3.1.0":
  version "3.12.0"
  resolved "https://registry.yarnpkg.com/@aws-sdk/types/-/types-3.12.0.tgz#9d8f7d931c0b4ee9d7af7ffc546591ccdeb7f796"
  integrity sha512-7vnVBV0IdNQ+yyCQFkyLkRohvr7PHj//nGcth9RXG+VmQfp4+8CgBlMuXoeEWvDntrRgdh5lzDO0CliVRquxkw==

"@aws-sdk/url-parser@3.12.0":
  version "3.12.0"
  resolved "https://registry.yarnpkg.com/@aws-sdk/url-parser/-/url-parser-3.12.0.tgz#6bd3d10ebef188eab94bc25c35b93f01c9384dbc"
  integrity sha512-afAdDPycGCxDRwel2DORMR3h5rNbVPVm2M0/RmZczWnBznV4H7OTE63Z9DJNJeQbRWysWBpv7s8NFLdgHiTDHw==
  dependencies:
    "@aws-sdk/querystring-parser" "3.12.0"
    "@aws-sdk/types" "3.12.0"
    tslib "^1.8.0"

"@aws-sdk/util-base64-browser@3.12.0":
  version "3.12.0"
  resolved "https://registry.yarnpkg.com/@aws-sdk/util-base64-browser/-/util-base64-browser-3.12.0.tgz#9f6a15873544011d51a5f0a665a8eb65f65466a2"
  integrity sha512-E9j0rb90e/jPjOQiP9waB+ejJ9VEEpuL3Hz/JcQQyRfWC+UM9zJ2zvwzTKb6E03cW2Zw7pbx3/mouEcwQJGfOw==
  dependencies:
    tslib "^1.8.0"

"@aws-sdk/util-base64-node@3.12.0":
  version "3.12.0"
  resolved "https://registry.yarnpkg.com/@aws-sdk/util-base64-node/-/util-base64-node-3.12.0.tgz#3ded18b2631101c7645327a002c7c4f7ee02e5b3"
  integrity sha512-HdmuobzMowr6Lkx8pgdqKNyt0uugg1IOOHOsmammshKB4q5cxmsWphG8DIWGXUYO+trTOay1jP+C0F3NfroN6Q==
  dependencies:
    "@aws-sdk/util-buffer-from" "3.12.0"
    tslib "^1.8.0"

"@aws-sdk/util-body-length-browser@3.12.0":
  version "3.12.0"
  resolved "https://registry.yarnpkg.com/@aws-sdk/util-body-length-browser/-/util-body-length-browser-3.12.0.tgz#11097ee9dc19c9d453b401b995d9ef5884f3d00c"
  integrity sha512-T1iyJnMncQn6gjKxL7CfhAsWQPf4IlFnhUKyAR+/WClvZOaS+/U7oM0VKkcKxr10GTWVzCAPTpJpKIV7pg2d8A==
  dependencies:
    tslib "^1.8.0"

"@aws-sdk/util-body-length-node@3.12.0":
  version "3.12.0"
  resolved "https://registry.yarnpkg.com/@aws-sdk/util-body-length-node/-/util-body-length-node-3.12.0.tgz#f104c341628908c38bc9fc452bd9d58e3326a106"
  integrity sha512-vlfaCV614NRS46ULI1waVpYGWkIRZABqAt3DNKaQk6xoRyMP/pz/SUg/bfX28/Gyg8ToaQsBupWX/56Rjqa4fA==
  dependencies:
    tslib "^1.8.0"

"@aws-sdk/util-buffer-from@3.12.0":
  version "3.12.0"
  resolved "https://registry.yarnpkg.com/@aws-sdk/util-buffer-from/-/util-buffer-from-3.12.0.tgz#e68a3b4477740ea68aae22c81f7ddc48020cfb68"
  integrity sha512-76OMnTTrgH06PaMyzHgPLLn/fPtJAewtV1zB/0nVCY3DEH5roJVNZ3TOxqmwPgUt06zCDUQeRGDwTW0tp/vCGw==
  dependencies:
    "@aws-sdk/is-array-buffer" "3.12.0"
    tslib "^1.8.0"

"@aws-sdk/util-hex-encoding@3.12.0":
  version "3.12.0"
  resolved "https://registry.yarnpkg.com/@aws-sdk/util-hex-encoding/-/util-hex-encoding-3.12.0.tgz#80b289b4ce456cc727419f83f69b2208e838569c"
  integrity sha512-hXzhCmPU8Q2U8QkSmMtPhT1sUtXbeFrEtFPyTbWr9p7AccWM3cOCZilOcUtV04cx9RgKNyhY/O1NOdByvSY1lQ==
  dependencies:
    tslib "^1.8.0"

"@aws-sdk/util-locate-window@^3.0.0":
  version "3.12.0"
  resolved "https://registry.yarnpkg.com/@aws-sdk/util-locate-window/-/util-locate-window-3.12.0.tgz#5917ebdc8c18209e3e3ddb47790a6f62dcab1fde"
  integrity sha512-hon4/fx/MKdDbajQGK/RVn9k+wtLtwIlJnys/yZs9swq4m7B1/JnlDqSwClxjiVnsbDlu95UcYclospSkHIWUw==
  dependencies:
    tslib "^1.8.0"

"@aws-sdk/util-uri-escape@3.12.0":
  version "3.12.0"
  resolved "https://registry.yarnpkg.com/@aws-sdk/util-uri-escape/-/util-uri-escape-3.12.0.tgz#3cb070587f35000e2e3eec6f95444bac3d86cf0f"
  integrity sha512-ZkiGtqsE+Krr4ARweq/AV7llrEqLDMR3/R9gvwDcurYSBt1V1hNGTdGNUCSKeKmmeMxneAZXmp+xM3FYZoIjIw==
  dependencies:
    tslib "^1.8.0"

"@aws-sdk/util-user-agent-browser@3.12.0":
  version "3.12.0"
  resolved "https://registry.yarnpkg.com/@aws-sdk/util-user-agent-browser/-/util-user-agent-browser-3.12.0.tgz#0f5250d76e6064da11f431abd784b04429ece30e"
  integrity sha512-VqQ7MPtO9dKbsM1JRQn2bUgFSCZngD1hP3xcwnTit7MKsEakWFcpx1WHkol1kktKLpQ1AUPL5cdMqkDiKyE1OA==
  dependencies:
    "@aws-sdk/types" "3.12.0"
    bowser "^2.11.0"
    tslib "^1.8.0"

"@aws-sdk/util-user-agent-node@3.12.0":
  version "3.12.0"
  resolved "https://registry.yarnpkg.com/@aws-sdk/util-user-agent-node/-/util-user-agent-node-3.12.0.tgz#5dfd3fffebd27a489155b6f0e23ee30bd9a5722f"
  integrity sha512-N3d43VbI+NDjwCu6npeB+RvV91cqiOtLaxtMIrVXayprmHw16dSgPaKU+JrV484THVBYQ2quYpEnfe7LslIG7A==
  dependencies:
    "@aws-sdk/node-config-provider" "3.12.0"
    "@aws-sdk/types" "3.12.0"
    tslib "^1.8.0"

"@aws-sdk/util-utf8-browser@3.12.0", "@aws-sdk/util-utf8-browser@^3.0.0":
  version "3.12.0"
  resolved "https://registry.yarnpkg.com/@aws-sdk/util-utf8-browser/-/util-utf8-browser-3.12.0.tgz#2288bcc980d9642be340167ddfa14d72f4ac8e0f"
  integrity sha512-gfchf9e1qbpYgxgEcUV6+KpVBNJjdqLAPMYHLytCLeMh/Mr5NY+xXefnQz0FhAqhz8lJ/vuDvtTWHodSofArEw==
  dependencies:
    tslib "^1.8.0"

"@aws-sdk/util-utf8-node@3.12.0":
  version "3.12.0"
  resolved "https://registry.yarnpkg.com/@aws-sdk/util-utf8-node/-/util-utf8-node-3.12.0.tgz#8103fac01aba45503ee8a3f4cfbf595cb5aa4e9e"
  integrity sha512-oSD8kfDgo5I6h0tazGifyIIj6+pQrQeP6fIICpX6YfApFovD25hHo9R6CJso11yJoU7lICy7BI+crtEOfB8jAA==
  dependencies:
    "@aws-sdk/util-buffer-from" "3.12.0"
    tslib "^1.8.0"

"@aws-sdk/util-waiter@3.12.0":
  version "3.12.0"
  resolved "https://registry.yarnpkg.com/@aws-sdk/util-waiter/-/util-waiter-3.12.0.tgz#a38feac8e8aa088dae2decd3d0f7f6a792056411"
  integrity sha512-IG9toLZWsMRhA5U5b1Cw86XmIIjKF7zgOScgy/q7BKpIurVEKH+ddBN4vMU37sHFwkjhMr2ZPSpy8dyRR5TpwA==
  dependencies:
    "@aws-sdk/abort-controller" "3.12.0"
    "@aws-sdk/types" "3.12.0"
    tslib "^1.8.0"

"@types/node@*":
  version "14.14.41"
  resolved "https://registry.yarnpkg.com/@types/node/-/node-14.14.41.tgz#d0b939d94c1d7bd53d04824af45f1139b8c45615"
  integrity sha512-dueRKfaJL4RTtSa7bWeTK1M+VH+Gns73oCgzvYfHZywRCoPSd8EkXBL0mZ9unPTveBn+D9phZBaxuzpwjWkW0g==

"@types/uuid@^8.3.0":
  version "8.3.0"
  resolved "https://registry.yarnpkg.com/@types/uuid/-/uuid-8.3.0.tgz#215c231dff736d5ba92410e6d602050cce7e273f"
  integrity sha512-eQ9qFW/fhfGJF8WKHGEHZEyVWfZxrT+6CLIJGBcZPfxUh/+BnEj+UCGYMlr9qZuX/2AltsvwrGqp0LhEW8D0zQ==

"@vercel/node@^1.9.1":
  version "1.9.1"
  resolved "https://registry.yarnpkg.com/@vercel/node/-/node-1.9.1.tgz#55c079a469208560fd3f9f186cb68a504c4a10a1"
  integrity sha512-sZIEk6UtJhbW4qRSCTnTWnGOT7UR6ZrhhSvK6z9AAS/BRc+Jz1/nbwPlYjT7HjZySo32VAwpeq2VHOd3hyxKGw==
  dependencies:
    "@types/node" "*"
    ts-node "8.9.1"
    typescript "3.9.3"

agent-base@6:
  version "6.0.2"
  resolved "https://registry.yarnpkg.com/agent-base/-/agent-base-6.0.2.tgz#49fff58577cfee3f37176feab4c22e00f86d7f77"
  integrity sha512-RZNwNclF7+MS/8bDg70amg32dyeZGZxiDuQmZxKLAlQjr3jGyLx+4Kkk58UO7D2QdgFIQCovuSuZESne6RG6XQ==
  dependencies:
    debug "4"

arg@^4.1.0:
  version "4.1.3"
  resolved "https://registry.yarnpkg.com/arg/-/arg-4.1.3.tgz#269fc7ad5b8e42cb63c896d5666017261c144089"
  integrity sha512-58S9QDqG0Xx27YwPSt9fJxivjYl432YCwfDMfZ+71RAqUrZef7LrKQZ3LHLOwCS4FLNBplP533Zx895SeOCHvA==

asap@^2.0.0:
  version "2.0.6"
  resolved "https://registry.yarnpkg.com/asap/-/asap-2.0.6.tgz#e50347611d7e690943208bbdafebcbc2fb866d46"
  integrity sha1-5QNHYR1+aQlDIIu9r+vLwvuGbUY=

axios@^0.21.1:
  version "0.21.1"
  resolved "https://registry.yarnpkg.com/axios/-/axios-0.21.1.tgz#22563481962f4d6bde9a76d516ef0e5d3c09b2b8"
  integrity sha512-dKQiRHxGD9PPRIUNIWvZhPTPpl1rf/OxTYKsqKUDjBwYylTvV7SjSHJb9ratfyzM6wCdLCOYLzs73qpg5c4iGA==
  dependencies:
    follow-redirects "^1.10.0"

bowser@^2.11.0:
  version "2.11.0"
  resolved "https://registry.yarnpkg.com/bowser/-/bowser-2.11.0.tgz#5ca3c35757a7aa5771500c70a73a9f91ef420a8f"
  integrity sha512-AlcaJBi/pqqJBIQ8U9Mcpc9i8Aqxn88Skv5d+xBX006BY5u8N3mGLHa5Lgppa7L/HfwgwLgZ6NYs+Ag6uUmJRA==

buffer-equal-constant-time@1.0.1:
  version "1.0.1"
  resolved "https://registry.yarnpkg.com/buffer-equal-constant-time/-/buffer-equal-constant-time-1.0.1.tgz#f8e71132f7ffe6e01a5c9697a4c6f3e48d5cc819"
  integrity sha1-+OcRMvf/5uAaXJaXpMbz5I1cyBk=

buffer-from@^1.0.0:
  version "1.1.1"
  resolved "https://registry.yarnpkg.com/buffer-from/-/buffer-from-1.1.1.tgz#32713bc028f75c02fdb710d7c7bcec1f2c6070ef"
  integrity sha512-MQcXEUbCKtEo7bhqEs6560Hyd4XaovZlO/k9V3hjVUF/zwW7KBVdSK4gIt/bzwS9MbR5qob+F5jusZsb0YQK2A==

call-bind@^1.0.0:
  version "1.0.2"
  resolved "https://registry.yarnpkg.com/call-bind/-/call-bind-1.0.2.tgz#b1d4e89e688119c3c9a903ad30abb2f6a919be3c"
  integrity sha512-7O+FbCihrB5WGbFYesctwmTKae6rOiIzmz1icreWJ+0aA7LJfuqhEso2T9ncpcFtzMQtzXf2QGGueWJGTYsqrA==
  dependencies:
    function-bind "^1.1.1"
    get-intrinsic "^1.0.2"

dayjs@^1.8.29:
  version "1.10.4"
  resolved "https://registry.yarnpkg.com/dayjs/-/dayjs-1.10.4.tgz#8e544a9b8683f61783f570980a8a80eaf54ab1e2"
  integrity sha512-RI/Hh4kqRc1UKLOAf/T5zdMMX5DQIlDxwUe3wSyMMnEbGunnpENCdbUgM+dW7kXidZqCttBrmw7BhN4TMddkCw==

debug@4:
  version "4.3.1"
  resolved "https://registry.yarnpkg.com/debug/-/debug-4.3.1.tgz#f0d229c505e0c6d8c49ac553d1b13dc183f6b2ee"
  integrity sha512-doEwdvm4PCeK4K3RQN2ZC2BYUBaxwLARCqZmMjtF8a51J2Rb0xpVloFRnCODwqjpwnAoao4pelN8l3RJdv3gRQ==
  dependencies:
    ms "2.1.2"

diff@^4.0.1:
  version "4.0.2"
  resolved "https://registry.yarnpkg.com/diff/-/diff-4.0.2.tgz#60f3aecb89d5fae520c11aa19efc2bb982aade7d"
  integrity sha512-58lmxKSA4BNyLz+HHMUzlOEpg09FV+ev6ZMe3vJihgdxzgcwZ8VoEEPmALCZG9LmqfVoNMMKpttIYTVG6uDY7A==

ecdsa-sig-formatter@1.0.11:
  version "1.0.11"
  resolved "https://registry.yarnpkg.com/ecdsa-sig-formatter/-/ecdsa-sig-formatter-1.0.11.tgz#ae0f0fa2d85045ef14a817daa3ce9acd0489e5bf"
  integrity sha512-nagl3RYrbNv6kQkeJIpt6NJZy8twLB/2vtz6yN9Z4vRKHN4/QZJIEbqohALSgwKdnksuY3k5Addp5lg8sVoVcQ==
  dependencies:
    safe-buffer "^5.0.1"

fast-xml-parser@3.19.0:
  version "3.19.0"
  resolved "https://registry.yarnpkg.com/fast-xml-parser/-/fast-xml-parser-3.19.0.tgz#cb637ec3f3999f51406dd8ff0e6fc4d83e520d01"
  integrity sha512-4pXwmBplsCPv8FOY1WRakF970TjNGnGnfbOnLqjlYvMiF1SR3yOHyxMR/YCXpPTOspNF5gwudqktIP4VsWkvBg==

follow-redirects@^1.10.0:
  version "1.13.3"
  resolved "https://registry.yarnpkg.com/follow-redirects/-/follow-redirects-1.13.3.tgz#e5598ad50174c1bc4e872301e82ac2cd97f90267"
  integrity sha512-DUgl6+HDzB0iEptNQEXLx/KhTmDb8tZUHSeLqpnjpknR70H0nC2t9N73BK6fN4hOvJ84pKlIQVQ4k5FFlBedKA==

function-bind@^1.1.1:
  version "1.1.1"
  resolved "https://registry.yarnpkg.com/function-bind/-/function-bind-1.1.1.tgz#a56899d3ea3c9bab874bb9773b7c5ede92f4895d"
  integrity sha512-yIovAzMX49sF8Yl58fSCWJ5svSLuaibPxXQJFLmBObTuCr0Mf1KiPopGM9NiFjiYBCbfaa2Fh6breQ6ANVTI0A==

get-intrinsic@^1.0.2:
  version "1.1.1"
  resolved "https://registry.yarnpkg.com/get-intrinsic/-/get-intrinsic-1.1.1.tgz#15f59f376f855c446963948f0d24cd3637b4abc6"
  integrity sha512-kWZrnVM42QCiEA2Ig1bG8zjoIMOgxWwYCEeNdwY6Tv/cOSeGpcoX4pXHfKUxNKVoArnrEr2e9srnAxxGIraS9Q==
  dependencies:
    function-bind "^1.1.1"
    has "^1.0.3"
    has-symbols "^1.0.1"

has-symbols@^1.0.1:
  version "1.0.2"
  resolved "https://registry.yarnpkg.com/has-symbols/-/has-symbols-1.0.2.tgz#165d3070c00309752a1236a479331e3ac56f1423"
  integrity sha512-chXa79rL/UC2KlX17jo3vRGz0azaWEx5tGqZg5pO3NUyEJVB17dMruQlzCCOfUvElghKcm5194+BCRvi2Rv/Gw==

has@^1.0.3:
  version "1.0.3"
  resolved "https://registry.yarnpkg.com/has/-/has-1.0.3.tgz#722d7cbfc1f6aa8241f16dd814e011e1f41e8796"
  integrity sha512-f2dvO0VU6Oej7RkWJGrehjbzMAjFp5/VKPp5tTpWIV4JHHZK1/BxbFRtf/siA2SWTe09caDmVtYYzWEIbBS4zw==
  dependencies:
    function-bind "^1.1.1"

https-proxy-agent@^5.0.0:
  version "5.0.0"
  resolved "https://registry.yarnpkg.com/https-proxy-agent/-/https-proxy-agent-5.0.0.tgz#e2a90542abb68a762e0a0850f6c9edadfd8506b2"
  integrity sha512-EkYm5BcKUGiduxzSt3Eppko+PiNWNEpa4ySk9vTC6wDsQJW9rHSa+UhGNJoRYp7bz6Ht1eaRIa6QaJqO5rCFbA==
  dependencies:
    agent-base "6"
    debug "4"

jsonwebtoken@^8.5.1:
  version "8.5.1"
  resolved "https://registry.yarnpkg.com/jsonwebtoken/-/jsonwebtoken-8.5.1.tgz#00e71e0b8df54c2121a1f26137df2280673bcc0d"
  integrity sha512-XjwVfRS6jTMsqYs0EsuJ4LGxXV14zQybNd4L2r0UvbVnSF9Af8x7p5MzbJ90Ioz/9TI41/hTCvznF/loiSzn8w==
  dependencies:
    jws "^3.2.2"
    lodash.includes "^4.3.0"
    lodash.isboolean "^3.0.3"
    lodash.isinteger "^4.0.4"
    lodash.isnumber "^3.0.3"
    lodash.isplainobject "^4.0.6"
    lodash.isstring "^4.0.1"
    lodash.once "^4.0.0"
    ms "^2.1.1"
    semver "^5.6.0"

jwa@^1.4.1:
  version "1.4.1"
  resolved "https://registry.yarnpkg.com/jwa/-/jwa-1.4.1.tgz#743c32985cb9e98655530d53641b66c8645b039a"
  integrity sha512-qiLX/xhEEFKUAJ6FiBMbes3w9ATzyk5W7Hvzpa/SLYdxNtng+gcurvrI7TbACjIXlsJyr05/S1oUhZrc63evQA==
  dependencies:
    buffer-equal-constant-time "1.0.1"
    ecdsa-sig-formatter "1.0.11"
    safe-buffer "^5.0.1"

jws@^3.2.2:
  version "3.2.2"
  resolved "https://registry.yarnpkg.com/jws/-/jws-3.2.2.tgz#001099f3639468c9414000e99995fa52fb478304"
  integrity sha512-YHlZCB6lMTllWDtSPHz/ZXTsi8S00usEV6v1tjq8tOUZzw7DpSDWVXjXDre6ed1w/pd495ODpHZYSdkRTsa0HA==
  dependencies:
    jwa "^1.4.1"
    safe-buffer "^5.0.1"

lodash.includes@^4.3.0:
  version "4.3.0"
  resolved "https://registry.yarnpkg.com/lodash.includes/-/lodash.includes-4.3.0.tgz#60bb98a87cb923c68ca1e51325483314849f553f"
  integrity sha1-YLuYqHy5I8aMoeUTJUgzFISfVT8=

lodash.isboolean@^3.0.3:
  version "3.0.3"
  resolved "https://registry.yarnpkg.com/lodash.isboolean/-/lodash.isboolean-3.0.3.tgz#6c2e171db2a257cd96802fd43b01b20d5f5870f6"
  integrity sha1-bC4XHbKiV82WgC/UOwGyDV9YcPY=

lodash.isinteger@^4.0.4:
  version "4.0.4"
  resolved "https://registry.yarnpkg.com/lodash.isinteger/-/lodash.isinteger-4.0.4.tgz#619c0af3d03f8b04c31f5882840b77b11cd68343"
  integrity sha1-YZwK89A/iwTDH1iChAt3sRzWg0M=

lodash.isnumber@^3.0.3:
  version "3.0.3"
  resolved "https://registry.yarnpkg.com/lodash.isnumber/-/lodash.isnumber-3.0.3.tgz#3ce76810c5928d03352301ac287317f11c0b1ffc"
  integrity sha1-POdoEMWSjQM1IwGsKHMX8RwLH/w=

lodash.isplainobject@^4.0.6:
  version "4.0.6"
  resolved "https://registry.yarnpkg.com/lodash.isplainobject/-/lodash.isplainobject-4.0.6.tgz#7c526a52d89b45c45cc690b88163be0497f550cb"
  integrity sha1-fFJqUtibRcRcxpC4gWO+BJf1UMs=

lodash.isstring@^4.0.1:
  version "4.0.1"
  resolved "https://registry.yarnpkg.com/lodash.isstring/-/lodash.isstring-4.0.1.tgz#d527dfb5456eca7cc9bb95d5daeaf88ba54a5451"
  integrity sha1-1SfftUVuynzJu5XV2ur4i6VKVFE=

lodash.once@^4.0.0:
  version "4.1.1"
  resolved "https://registry.yarnpkg.com/lodash.once/-/lodash.once-4.1.1.tgz#0dd3971213c7c56df880977d504c88fb471a97ac"
  integrity sha1-DdOXEhPHxW34gJd9UEyI+0cal6w=

lodash@^4.17.19:
  version "4.17.21"
  resolved "https://registry.yarnpkg.com/lodash/-/lodash-4.17.21.tgz#679591c564c3bffaae8454cf0b3df370c3d6911c"
  integrity sha512-v2kDEe57lecTulaDIuNTPy3Ry4gLGJ6Z1O3vE1krgXZNrsQ+LFTGHVxVjcXPs17LhbZVGedAJv8XZ1tvj5FvSg==

make-error@^1.1.1:
  version "1.3.6"
  resolved "https://registry.yarnpkg.com/make-error/-/make-error-1.3.6.tgz#2eb2e37ea9b67c4891f684a1394799af484cf7a2"
  integrity sha512-s8UhlNe7vPKomQhC1qFelMokr/Sc3AgNbso3n74mVPA5LTZwkB9NlXf4XPamLxJE8h0gh73rM94xvwRT2CVInw==

ms@2.1.2:
  version "2.1.2"
  resolved "https://registry.yarnpkg.com/ms/-/ms-2.1.2.tgz#d09d1f357b443f493382a8eb3ccd183872ae6009"
  integrity sha512-sGkPx+VjMtmA6MX27oA4FBFELFCZZ4S4XqeGOXCv68tT+jb3vk/RyaKWP0PTKyWtmLSM0b+adUTEvbs1PEaH2w==

ms@^2.1.1:
  version "2.1.3"
  resolved "https://registry.yarnpkg.com/ms/-/ms-2.1.3.tgz#574c8138ce1d2b5861f0b44579dbadd60c6615b2"
  integrity sha512-6FlzubTLZG3J2a/NVCAleEhjzq5oxgHyaCU9yYXvcLsvoVaHJq/s5xXI6/XXP6tz7R9xAOtHnSO/tXtF3WRTlA==

object-inspect@^1.9.0:
  version "1.10.2"
  resolved "https://registry.yarnpkg.com/object-inspect/-/object-inspect-1.10.2.tgz#b6385a3e2b7cae0b5eafcf90cddf85d128767f30"
  integrity sha512-gz58rdPpadwztRrPjZE9DZLOABUpTGdcANUgOwBFO1C+HZZhePoP83M65WGDmbpwFYJSWqavbl4SgDn4k8RYTA==

pop-iterate@^1.0.1:
  version "1.0.1"
  resolved "https://registry.yarnpkg.com/pop-iterate/-/pop-iterate-1.0.1.tgz#ceacfdab4abf353d7a0f2aaa2c1fc7b3f9413ba3"
  integrity sha1-zqz9q0q/NT16DyqqLB/Hs/lBO6M=

q@2.0.x:
  version "2.0.3"
  resolved "https://registry.yarnpkg.com/q/-/q-2.0.3.tgz#75b8db0255a1a5af82f58c3f3aaa1efec7d0d134"
  integrity sha1-dbjbAlWhpa+C9Yw/Oqoe/sfQ0TQ=
  dependencies:
    asap "^2.0.0"
    pop-iterate "^1.0.1"
    weak-map "^1.0.5"

qs@^6.9.4:
  version "6.10.1"
  resolved "https://registry.yarnpkg.com/qs/-/qs-6.10.1.tgz#4931482fa8d647a5aab799c5271d2133b981fb6a"
  integrity sha512-M528Hph6wsSVOBiYUnGf+K/7w0hNshs/duGsNXPUCLH5XAqjEtiPGwNONLV0tBH8NoGb0mvD5JubnUTrujKDTg==
  dependencies:
    side-channel "^1.0.4"

querystringify@^2.1.1:
  version "2.2.0"
  resolved "https://registry.yarnpkg.com/querystringify/-/querystringify-2.2.0.tgz#3345941b4153cb9d082d8eee4cda2016a9aef7f6"
  integrity sha512-FIqgj2EUvTa7R50u0rGsyTftzjYmv/a3hO345bZNrqabNqjtgiDMgmo4mkUjd+nzU5oF3dClKqFIPUKybUyqoQ==

requires-port@^1.0.0:
  version "1.0.0"
  resolved "https://registry.yarnpkg.com/requires-port/-/requires-port-1.0.0.tgz#925d2601d39ac485e091cf0da5c6e694dc3dcaff"
  integrity sha1-kl0mAdOaxIXgkc8NpcbmlNw9yv8=

rootpath@^0.1.2:
  version "0.1.2"
  resolved "https://registry.yarnpkg.com/rootpath/-/rootpath-0.1.2.tgz#5b379a87dca906e9b91d690a599439bef267ea6b"
  integrity sha1-Wzeah9ypBum5HWkKWZQ5vvJn6ms=

safe-buffer@^5.0.1:
  version "5.2.1"
  resolved "https://registry.yarnpkg.com/safe-buffer/-/safe-buffer-5.2.1.tgz#1eaf9fa9bdb1fdd4ec75f58f9cdb4e6b7827eec6"
  integrity sha512-rp3So07KcdmmKbGvgaNxQSJr7bGVSVk5S9Eq1F+ppbRo70+YeaDxkw5Dd8NPN+GD6bjnYm2VuPuCXmpuYvmCXQ==

scmp@^2.1.0:
  version "2.1.0"
  resolved "https://registry.yarnpkg.com/scmp/-/scmp-2.1.0.tgz#37b8e197c425bdeb570ab91cc356b311a11f9c9a"
  integrity sha512-o/mRQGk9Rcer/jEEw/yw4mwo3EU/NvYvp577/Btqrym9Qy5/MdWGBqipbALgd2lrdWTJ5/gqDusxfnQBxOxT2Q==

semver@^5.6.0:
  version "5.7.1"
  resolved "https://registry.yarnpkg.com/semver/-/semver-5.7.1.tgz#a954f931aeba508d307bbf069eff0c01c96116f7"
  integrity sha512-sauaDf/PZdVgrLTNYHRtpXa1iRiKcaebiKQ1BJdpQlWH2lCvexQdX55snPFyK7QzpudqbCI0qXFfOasHdyNDGQ==

side-channel@^1.0.4:
  version "1.0.4"
  resolved "https://registry.yarnpkg.com/side-channel/-/side-channel-1.0.4.tgz#efce5c8fdc104ee751b25c58d4290011fa5ea2cf"
  integrity sha512-q5XPytqFEIKHkGdiMIrY10mvLRvnQh42/+GoBlFW3b2LXLE2xxJpZFdm94we0BaoV3RwJyGqg5wS7epxTv0Zvw==
  dependencies:
    call-bind "^1.0.0"
    get-intrinsic "^1.0.2"
    object-inspect "^1.9.0"

source-map-support@^0.5.17:
  version "0.5.19"
  resolved "https://registry.yarnpkg.com/source-map-support/-/source-map-support-0.5.19.tgz#a98b62f86dcaf4f67399648c085291ab9e8fed61"
  integrity sha512-Wonm7zOCIJzBGQdB+thsPar0kYuCIzYvxZwlBa87yi/Mdjv7Tip2cyVbLj5o0cFPN4EVkuTwb3GDDyUx2DGnGw==
  dependencies:
    buffer-from "^1.0.0"
    source-map "^0.6.0"

source-map@^0.6.0:
  version "0.6.1"
  resolved "https://registry.yarnpkg.com/source-map/-/source-map-0.6.1.tgz#74722af32e9614e9c287a8d0bbde48b5e2f1a263"
  integrity sha512-UjgapumWlbMhkBgzT7Ykc5YXUT46F0iKu8SGXq0bcwP5dz/h0Plj6enJqjz1Zbq2l5WaqYnrVbwWOWMyF3F47g==

ts-node@8.9.1:
  version "8.9.1"
  resolved "https://registry.yarnpkg.com/ts-node/-/ts-node-8.9.1.tgz#2f857f46c47e91dcd28a14e052482eb14cfd65a5"
  integrity sha512-yrq6ODsxEFTLz0R3BX2myf0WBCSQh9A+py8PBo1dCzWIOcvisbyH6akNKqDHMgXePF2kir5mm5JXJTH3OUJYOQ==
  dependencies:
    arg "^4.1.0"
    diff "^4.0.1"
    make-error "^1.1.1"
    source-map-support "^0.5.17"
    yn "3.1.1"

tslib@^1.11.1, tslib@^1.8.0:
  version "1.14.1"
  resolved "https://registry.yarnpkg.com/tslib/-/tslib-1.14.1.tgz#cf2d38bdc34a134bcaf1091c41f6619e2f672d00"
  integrity sha512-Xni35NKzjgMrwevysHTCArtLDpPvye8zV/0E4EyYn43P7/7qvQwPh9BGkHewbMulVntbigmcT7rdX3BNo9wRJg==

tslib@^2.0.0:
  version "2.2.0"
  resolved "https://registry.yarnpkg.com/tslib/-/tslib-2.2.0.tgz#fb2c475977e35e241311ede2693cee1ec6698f5c"
  integrity sha512-gS9GVHRU+RGn5KQM2rllAlR3dU6m7AcpJKdtH8gFvQiC4Otgk98XnmMU+nZenHt/+VhnBPWwgrJsyrdcw6i23w==

twilio@^3.60.0:
  version "3.60.0"
  resolved "https://registry.yarnpkg.com/twilio/-/twilio-3.60.0.tgz#5c8f703497ed55b8a64a71b3bbd1324ebac5a618"
  integrity sha512-f8Ts9rfrkycjgnlmu1TzLigoAbrAsIoEnfPoZl+kf94FbBI3QXTUVWhvYj+NrCwLjOewDxrV8qIea1IcyVbG2Q==
  dependencies:
    axios "^0.21.1"
    dayjs "^1.8.29"
    https-proxy-agent "^5.0.0"
    jsonwebtoken "^8.5.1"
    lodash "^4.17.19"
    q "2.0.x"
    qs "^6.9.4"
    rootpath "^0.1.2"
    scmp "^2.1.0"
    url-parse "^1.5.0"
    xmlbuilder "^13.0.2"

typescript@3.9.3:
  version "3.9.3"
  resolved "https://registry.yarnpkg.com/typescript/-/typescript-3.9.3.tgz#d3ac8883a97c26139e42df5e93eeece33d610b8a"
  integrity sha512-D/wqnB2xzNFIcoBG9FG8cXRDjiqSTbG2wd8DMZeQyJlP1vfTkIxH4GKveWaEBYySKIg+USu+E+EDIR47SqnaMQ==

url-parse@^1.5.0:
  version "1.5.1"
  resolved "https://registry.yarnpkg.com/url-parse/-/url-parse-1.5.1.tgz#d5fa9890af8a5e1f274a2c98376510f6425f6e3b"
  integrity sha512-HOfCOUJt7iSYzEx/UqgtwKRMC6EU91NFhsCHMv9oM03VJcVo2Qrp8T8kI9D7amFf1cu+/3CEhgb3rF9zL7k85Q==
  dependencies:
    querystringify "^2.1.1"
    requires-port "^1.0.0"

uuid@^8.3.2:
  version "8.3.2"
  resolved "https://registry.yarnpkg.com/uuid/-/uuid-8.3.2.tgz#80d5b5ced271bb9af6c445f21a1a04c606cefbe2"
  integrity sha512-+NYs2QeMWy+GWFOEm9xnn6HCDp0l7QBD7ml8zLUmJ+93Q5NF0NocErnwkTkXVFNiX3/fpC6afS8Dhb/gz7R7eg==

weak-map@^1.0.5:
  version "1.0.5"
  resolved "https://registry.yarnpkg.com/weak-map/-/weak-map-1.0.5.tgz#79691584d98607f5070bd3b70a40e6bb22e401eb"
  integrity sha1-eWkVhNmGB/UHC9O3CkDmuyLkAes=

xmlbuilder@^13.0.2:
  version "13.0.2"
  resolved "https://registry.yarnpkg.com/xmlbuilder/-/xmlbuilder-13.0.2.tgz#02ae33614b6a047d1c32b5389c1fdacb2bce47a7"
  integrity sha512-Eux0i2QdDYKbdbA6AM6xE4m6ZTZr4G4xF9kahI2ukSEMCzwce2eX9WlTI5J3s+NU7hpasFsr8hWIONae7LluAQ==

yn@3.1.1:
  version "3.1.1"
  resolved "https://registry.yarnpkg.com/yn/-/yn-3.1.1.tgz#1e87401a09d767c1d5eab26a6e4c185182d2eb50"
  integrity sha512-Ux4ygGWsu2c7isFWe8Yu1YluJmqVhxqK2cLXNQA5AcC3QfbGNpM7fu0Y8b/z16pXLnFxZYvWhd3fhBY9DLmC6Q==
